
Microsoft Visual Studio Solution File, Format Version 12.00
# Visual Studio Version 17
VisualStudioVersion = 17.0.32126.317
MinimumVisualStudioVersion = 10.0.40219.1
Project("{888888A0-9F3D-457C-B088-3A5042F75D52}") = "CapersBot", "CapersBot.pyproj", "{D185109F-9A15-4ACC-86FD-BA42C623DBF9}"
EndProject
Global
	GlobalSection(SolutionConfigurationPlatforms) = preSolution
		Debug|Any CPU = Debug|Any CPU
		Release|Any CPU = Release|Any CPU
	EndGlobalSection
	GlobalSection(ProjectConfigurationPlatforms) = postSolution
		{D185109F-9A15-4ACC-86FD-BA42C623DBF9}.Debug|Any CPU.ActiveCfg = Debug|Any CPU
		{D185109F-9A15-4ACC-86FD-BA42C623DBF9}.Release|Any CPU.ActiveCfg = Release|Any CPU
	EndGlobalSection
	GlobalSection(SolutionProperties) = preSolution
		HideSolutionNode = FALSE
	EndGlobalSection
	GlobalSection(ExtensibilityGlobals) = postSolution
		SolutionGuid = {F36FCE6D-B4E9-401B-8857-02B2EF6F7D2B}
	EndGlobalSection
EndGlobal
